
Microsoft Visual Studio Solution File, Format Version 12.00
# Visual Studio Version 16
VisualStudioVersion = 16.0.31613.86
MinimumVisualStudioVersion = 10.0.40219.1
Project("{FAE04EC0-301F-11D3-BF4B-00C04F79EFBC}") = "TestProjectInt", "TestProjectInt\TestProjectInt.csproj", "{BEAB18BA-3097-4CB5-A60C-31AF02FCA039}"
EndProject
Project("{FAE04EC0-301F-11D3-BF4B-00C04F79EFBC}") = "ClassLibrary1", "ClassLibrary1\ClassLibrary1.csproj", "{ED6CAD90-FE3D-4554-998F-E8652E0C69EB}"
EndProject
Global
	GlobalSection(SolutionConfigurationPlatforms) = preSolution
		Debug|Any CPU = Debug|Any CPU
		Release|Any CPU = Release|Any CPU
	EndGlobalSection
	GlobalSection(ProjectConfigurationPlatforms) = postSolution
		{BEAB18BA-3097-4CB5-A60C-31AF02FCA039}.Debug|Any CPU.ActiveCfg = Debug|Any CPU
		{BEAB18BA-3097-4CB5-A60C-31AF02FCA039}.Debug|Any CPU.Build.0 = Debug|Any CPU
		{BEAB18BA-3097-4CB5-A60C-31AF02FCA039}.Release|Any CPU.ActiveCfg = Release|Any CPU
		{BEAB18BA-3097-4CB5-A60C-31AF02FCA039}.Release|Any CPU.Build.0 = Release|Any CPU
		{ED6CAD90-FE3D-4554-998F-E8652E0C69EB}.Debug|Any CPU.ActiveCfg = Debug|Any CPU
		{ED6CAD90-FE3D-4554-998F-E8652E0C69EB}.Debug|Any CPU.Build.0 = Debug|Any CPU
		{ED6CAD90-FE3D-4554-998F-E8652E0C69EB}.Release|Any CPU.ActiveCfg = Release|Any CPU
		{ED6CAD90-FE3D-4554-998F-E8652E0C69EB}.Release|Any CPU.Build.0 = Release|Any CPU
	EndGlobalSection
	GlobalSection(SolutionProperties) = preSolution
		HideSolutionNode = FALSE
	EndGlobalSection
	GlobalSection(ExtensibilityGlobals) = postSolution
		SolutionGuid = {8716EF40-A760-45ED-B2B1-6F0618573807}
	EndGlobalSection
EndGlobal
